
Microsoft Visual Studio Solution File, Format Version 12.00
# Visual Studio Version 17
VisualStudioVersion = 17.4.33403.182
MinimumVisualStudioVersion = 10.0.40219.1
Project("{9A19103F-16F7-4668-BE54-9A1E7A4F7556}") = "AzureFunctionTester", "AzureFunctionTester.csproj", "{3948A953-818D-44DF-8007-9C4404B4C16A}"
EndProject
Project("{FAE04EC0-301F-11D3-BF4B-00C04F79EFBC}") = "AzureServices", "..\AzureQueueService\AzureServices.csproj", "{9A25B83D-2121-4ADD-9B16-2F6572F87378}"
EndProject
Global
	GlobalSection(SolutionConfigurationPlatforms) = preSolution
		Debug|Any CPU = Debug|Any CPU
		Release|Any CPU = Release|Any CPU
	EndGlobalSection
	GlobalSection(ProjectConfigurationPlatforms) = postSolution
		{3948A953-818D-44DF-8007-9C4404B4C16A}.Debug|Any CPU.ActiveCfg = Debug|Any CPU
		{3948A953-818D-44DF-8007-9C4404B4C16A}.Debug|Any CPU.Build.0 = Debug|Any CPU
		{3948A953-818D-44DF-8007-9C4404B4C16A}.Release|Any CPU.ActiveCfg = Release|Any CPU
		{3948A953-818D-44DF-8007-9C4404B4C16A}.Release|Any CPU.Build.0 = Release|Any CPU
		{9A25B83D-2121-4ADD-9B16-2F6572F87378}.Debug|Any CPU.ActiveCfg = Debug|Any CPU
		{9A25B83D-2121-4ADD-9B16-2F6572F87378}.Debug|Any CPU.Build.0 = Debug|Any CPU
		{9A25B83D-2121-4ADD-9B16-2F6572F87378}.Release|Any CPU.ActiveCfg = Release|Any CPU
		{9A25B83D-2121-4ADD-9B16-2F6572F87378}.Release|Any CPU.Build.0 = Release|Any CPU
	EndGlobalSection
	GlobalSection(SolutionProperties) = preSolution
		HideSolutionNode = FALSE
	EndGlobalSection
	GlobalSection(ExtensibilityGlobals) = postSolution
		SolutionGuid = {8F2C2AB9-A933-4B44-8FC6-85EBDEA6F8A0}
	EndGlobalSection
EndGlobal
